
Microsoft Visual Studio Solution File, Format Version 12.00
# Visual Studio Version 16
VisualStudioVersion = 16.0.31205.134
MinimumVisualStudioVersion = 10.0.40219.1
Project("{FAE04EC0-301F-11D3-BF4B-00C04F79EFBC}") = "CalculadoraFormulario", "CalculadoraFormulario\CalculadoraFormulario.csproj", "{62E79928-1FB9-41F4-85F3-79E6CC2DD5F2}"
EndProject
Project("{FAE04EC0-301F-11D3-BF4B-00C04F79EFBC}") = "LibreriaCalculadora", "LibreriaCalculadora\LibreriaCalculadora.csproj", "{C83AF8FC-C8DC-4AAA-88C1-8FB3E1753DD5}"
EndProject
Global
	GlobalSection(SolutionConfigurationPlatforms) = preSolution
		Debug|Any CPU = Debug|Any CPU
		Release|Any CPU = Release|Any CPU
	EndGlobalSection
	GlobalSection(ProjectConfigurationPlatforms) = postSolution
		{62E79928-1FB9-41F4-85F3-79E6CC2DD5F2}.Debug|Any CPU.ActiveCfg = Debug|Any CPU
		{62E79928-1FB9-41F4-85F3-79E6CC2DD5F2}.Debug|Any CPU.Build.0 = Debug|Any CPU
		{62E79928-1FB9-41F4-85F3-79E6CC2DD5F2}.Release|Any CPU.ActiveCfg = Release|Any CPU
		{62E79928-1FB9-41F4-85F3-79E6CC2DD5F2}.Release|Any CPU.Build.0 = Release|Any CPU
		{C83AF8FC-C8DC-4AAA-88C1-8FB3E1753DD5}.Debug|Any CPU.ActiveCfg = Debug|Any CPU
		{C83AF8FC-C8DC-4AAA-88C1-8FB3E1753DD5}.Debug|Any CPU.Build.0 = Debug|Any CPU
		{C83AF8FC-C8DC-4AAA-88C1-8FB3E1753DD5}.Release|Any CPU.ActiveCfg = Release|Any CPU
		{C83AF8FC-C8DC-4AAA-88C1-8FB3E1753DD5}.Release|Any CPU.Build.0 = Release|Any CPU
	EndGlobalSection
	GlobalSection(SolutionProperties) = preSolution
		HideSolutionNode = FALSE
	EndGlobalSection
	GlobalSection(ExtensibilityGlobals) = postSolution
		SolutionGuid = {4DCE26F0-1555-4EDB-9F6B-D09EEFA13672}
	EndGlobalSection
EndGlobal
