
Microsoft Visual Studio Solution File, Format Version 12.00
# Visual Studio Version 16
VisualStudioVersion = 16.0.29905.134
MinimumVisualStudioVersion = 10.0.40219.1
Project("{FAE04EC0-301F-11D3-BF4B-00C04F79EFBC}") = "EjercicicioMaquinExpendedora", "EjercicicioMaquinExpendedora\EjercicicioMaquinExpendedora.csproj", "{B0F18248-4C94-4D91-B167-5DAF8F05B9FA}"
EndProject
Project("{FAE04EC0-301F-11D3-BF4B-00C04F79EFBC}") = "Libreria", "Libreria\Libreria.csproj", "{7A0F5340-AA71-41C0-ABBA-E434A0EB8077}"
EndProject
Global
	GlobalSection(SolutionConfigurationPlatforms) = preSolution
		Debug|Any CPU = Debug|Any CPU
		Release|Any CPU = Release|Any CPU
	EndGlobalSection
	GlobalSection(ProjectConfigurationPlatforms) = postSolution
		{B0F18248-4C94-4D91-B167-5DAF8F05B9FA}.Debug|Any CPU.ActiveCfg = Debug|Any CPU
		{B0F18248-4C94-4D91-B167-5DAF8F05B9FA}.Debug|Any CPU.Build.0 = Debug|Any CPU
		{B0F18248-4C94-4D91-B167-5DAF8F05B9FA}.Release|Any CPU.ActiveCfg = Release|Any CPU
		{B0F18248-4C94-4D91-B167-5DAF8F05B9FA}.Release|Any CPU.Build.0 = Release|Any CPU
		{7A0F5340-AA71-41C0-ABBA-E434A0EB8077}.Debug|Any CPU.ActiveCfg = Debug|Any CPU
		{7A0F5340-AA71-41C0-ABBA-E434A0EB8077}.Debug|Any CPU.Build.0 = Debug|Any CPU
		{7A0F5340-AA71-41C0-ABBA-E434A0EB8077}.Release|Any CPU.ActiveCfg = Release|Any CPU
		{7A0F5340-AA71-41C0-ABBA-E434A0EB8077}.Release|Any CPU.Build.0 = Release|Any CPU
	EndGlobalSection
	GlobalSection(SolutionProperties) = preSolution
		HideSolutionNode = FALSE
	EndGlobalSection
	GlobalSection(ExtensibilityGlobals) = postSolution
		SolutionGuid = {31037A9C-1864-4010-9BE2-D12B4362B055}
	EndGlobalSection
EndGlobal
