
Microsoft Visual Studio Solution File, Format Version 12.00
# Visual Studio Version 16
VisualStudioVersion = 16.0.31205.134
MinimumVisualStudioVersion = 10.0.40219.1
Project("{FAE04EC0-301F-11D3-BF4B-00C04F79EFBC}") = "FormularioVentaDeRespuesto", "FormularioVentaDeRespuesto\FormularioVentaDeRespuesto.csproj", "{D55B09B0-022E-4580-94ED-1C961C8C78A3}"
EndProject
Project("{FAE04EC0-301F-11D3-BF4B-00C04F79EFBC}") = "CapaEntidades", "CapaEntidades\CapaEntidades.csproj", "{26347436-6302-492F-B084-A3DF3903B2BB}"
EndProject
Global
	GlobalSection(SolutionConfigurationPlatforms) = preSolution
		Debug|Any CPU = Debug|Any CPU
		Release|Any CPU = Release|Any CPU
	EndGlobalSection
	GlobalSection(ProjectConfigurationPlatforms) = postSolution
		{D55B09B0-022E-4580-94ED-1C961C8C78A3}.Debug|Any CPU.ActiveCfg = Debug|Any CPU
		{D55B09B0-022E-4580-94ED-1C961C8C78A3}.Debug|Any CPU.Build.0 = Debug|Any CPU
		{D55B09B0-022E-4580-94ED-1C961C8C78A3}.Release|Any CPU.ActiveCfg = Release|Any CPU
		{D55B09B0-022E-4580-94ED-1C961C8C78A3}.Release|Any CPU.Build.0 = Release|Any CPU
		{26347436-6302-492F-B084-A3DF3903B2BB}.Debug|Any CPU.ActiveCfg = Debug|Any CPU
		{26347436-6302-492F-B084-A3DF3903B2BB}.Debug|Any CPU.Build.0 = Debug|Any CPU
		{26347436-6302-492F-B084-A3DF3903B2BB}.Release|Any CPU.ActiveCfg = Release|Any CPU
		{26347436-6302-492F-B084-A3DF3903B2BB}.Release|Any CPU.Build.0 = Release|Any CPU
	EndGlobalSection
	GlobalSection(SolutionProperties) = preSolution
		HideSolutionNode = FALSE
	EndGlobalSection
	GlobalSection(ExtensibilityGlobals) = postSolution
		SolutionGuid = {7EEA339F-FDD6-4FA9-920B-1B739DEAB51A}
	EndGlobalSection
EndGlobal
