
Microsoft Visual Studio Solution File, Format Version 12.00
# Visual Studio Version 16
VisualStudioVersion = 16.0.29905.134
MinimumVisualStudioVersion = 10.0.40219.1
Project("{FAE04EC0-301F-11D3-BF4B-00C04F79EFBC}") = "ProyectoBotones", "ProyectoBotones\ProyectoBotones.csproj", "{C6EFB46C-A6EE-4AD2-BD0D-00ECEA396C2C}"
EndProject
Project("{FAE04EC0-301F-11D3-BF4B-00C04F79EFBC}") = "LibreriaBotones", "LibreriaBotones\LibreriaBotones.csproj", "{CA3B7454-225F-46B6-B9C1-93D40BB734CC}"
EndProject
Global
	GlobalSection(SolutionConfigurationPlatforms) = preSolution
		Debug|Any CPU = Debug|Any CPU
		Release|Any CPU = Release|Any CPU
	EndGlobalSection
	GlobalSection(ProjectConfigurationPlatforms) = postSolution
		{C6EFB46C-A6EE-4AD2-BD0D-00ECEA396C2C}.Debug|Any CPU.ActiveCfg = Debug|Any CPU
		{C6EFB46C-A6EE-4AD2-BD0D-00ECEA396C2C}.Debug|Any CPU.Build.0 = Debug|Any CPU
		{C6EFB46C-A6EE-4AD2-BD0D-00ECEA396C2C}.Release|Any CPU.ActiveCfg = Release|Any CPU
		{C6EFB46C-A6EE-4AD2-BD0D-00ECEA396C2C}.Release|Any CPU.Build.0 = Release|Any CPU
		{CA3B7454-225F-46B6-B9C1-93D40BB734CC}.Debug|Any CPU.ActiveCfg = Debug|Any CPU
		{CA3B7454-225F-46B6-B9C1-93D40BB734CC}.Debug|Any CPU.Build.0 = Debug|Any CPU
		{CA3B7454-225F-46B6-B9C1-93D40BB734CC}.Release|Any CPU.ActiveCfg = Release|Any CPU
		{CA3B7454-225F-46B6-B9C1-93D40BB734CC}.Release|Any CPU.Build.0 = Release|Any CPU
	EndGlobalSection
	GlobalSection(SolutionProperties) = preSolution
		HideSolutionNode = FALSE
	EndGlobalSection
	GlobalSection(ExtensibilityGlobals) = postSolution
		SolutionGuid = {4F4D2E6E-AAF0-4C20-A976-902377CE70F3}
	EndGlobalSection
EndGlobal
